
Microsoft Visual Studio Solution File, Format Version 12.00
# Visual Studio Version 16
VisualStudioVersion = 16.0.31624.102
MinimumVisualStudioVersion = 10.0.40219.1
Project("{FAE04EC0-301F-11D3-BF4B-00C04F79EFBC}") = "ThreadingExampleProject", "ThreadingExampleProject\ThreadingExampleProject.csproj", "{6CDFCAA8-C391-4506-8680-F8D13955F6CA}"
EndProject
Global
	GlobalSection(SolutionConfigurationPlatforms) = preSolution
		Debug|Any CPU = Debug|Any CPU
		Release|Any CPU = Release|Any CPU
	EndGlobalSection
	GlobalSection(ProjectConfigurationPlatforms) = postSolution
		{6CDFCAA8-C391-4506-8680-F8D13955F6CA}.Debug|Any CPU.ActiveCfg = Debug|Any CPU
		{6CDFCAA8-C391-4506-8680-F8D13955F6CA}.Debug|Any CPU.Build.0 = Debug|Any CPU
		{6CDFCAA8-C391-4506-8680-F8D13955F6CA}.Release|Any CPU.ActiveCfg = Release|Any CPU
		{6CDFCAA8-C391-4506-8680-F8D13955F6CA}.Release|Any CPU.Build.0 = Release|Any CPU
	EndGlobalSection
	GlobalSection(SolutionProperties) = preSolution
		HideSolutionNode = FALSE
	EndGlobalSection
	GlobalSection(ExtensibilityGlobals) = postSolution
		SolutionGuid = {893AEDE6-5CEF-4975-9B0B-2E1B16E2A217}
	EndGlobalSection
EndGlobal
