
Microsoft Visual Studio Solution File, Format Version 12.00
# Visual Studio Version 16
VisualStudioVersion = 16.0.31624.102
MinimumVisualStudioVersion = 10.0.40219.1
Project("{FAE04EC0-301F-11D3-BF4B-00C04F79EFBC}") = "DatabaseFirstApproch", "DatabaseFirstApproch\DatabaseFirstApproch.csproj", "{E74E6858-136F-4082-B1E0-6442052CA37D}"
EndProject
Global
	GlobalSection(SolutionConfigurationPlatforms) = preSolution
		Debug|Any CPU = Debug|Any CPU
		Release|Any CPU = Release|Any CPU
	EndGlobalSection
	GlobalSection(ProjectConfigurationPlatforms) = postSolution
		{E74E6858-136F-4082-B1E0-6442052CA37D}.Debug|Any CPU.ActiveCfg = Debug|Any CPU
		{E74E6858-136F-4082-B1E0-6442052CA37D}.Debug|Any CPU.Build.0 = Debug|Any CPU
		{E74E6858-136F-4082-B1E0-6442052CA37D}.Release|Any CPU.ActiveCfg = Release|Any CPU
		{E74E6858-136F-4082-B1E0-6442052CA37D}.Release|Any CPU.Build.0 = Release|Any CPU
	EndGlobalSection
	GlobalSection(SolutionProperties) = preSolution
		HideSolutionNode = FALSE
	EndGlobalSection
	GlobalSection(ExtensibilityGlobals) = postSolution
		SolutionGuid = {36F3DDD6-FEDC-43A3-B234-AD34E7371F53}
	EndGlobalSection
EndGlobal
