
Microsoft Visual Studio Solution File, Format Version 12.00
# Visual Studio Version 16
VisualStudioVersion = 16.0.31624.102
MinimumVisualStudioVersion = 10.0.40219.1
Project("{FAE04EC0-301F-11D3-BF4B-00C04F79EFBC}") = "SFirstAPIProject", "SFirstAPIProject\SFirstAPIProject.csproj", "{ADF0529B-DAFA-4E96-8065-ACCC09634C64}"
EndProject
Global
	GlobalSection(SolutionConfigurationPlatforms) = preSolution
		Debug|Any CPU = Debug|Any CPU
		Release|Any CPU = Release|Any CPU
	EndGlobalSection
	GlobalSection(ProjectConfigurationPlatforms) = postSolution
		{ADF0529B-DAFA-4E96-8065-ACCC09634C64}.Debug|Any CPU.ActiveCfg = Debug|Any CPU
		{ADF0529B-DAFA-4E96-8065-ACCC09634C64}.Debug|Any CPU.Build.0 = Debug|Any CPU
		{ADF0529B-DAFA-4E96-8065-ACCC09634C64}.Release|Any CPU.ActiveCfg = Release|Any CPU
		{ADF0529B-DAFA-4E96-8065-ACCC09634C64}.Release|Any CPU.Build.0 = Release|Any CPU
	EndGlobalSection
	GlobalSection(SolutionProperties) = preSolution
		HideSolutionNode = FALSE
	EndGlobalSection
	GlobalSection(ExtensibilityGlobals) = postSolution
		SolutionGuid = {CFDE2BFB-8EE8-47BB-8556-8BC64F5C17A6}
	EndGlobalSection
EndGlobal
